
Microsoft Visual Studio Solution File, Format Version 12.00
# Visual Studio Version 17
VisualStudioVersion = 17.1.32228.430
MinimumVisualStudioVersion = 10.0.40219.1
Project("{FAE04EC0-301F-11D3-BF4B-00C04F79EFBC}") = "20222844문보경_과제2", "20222844문보경_과제2\20222844문보경_과제2.csproj", "{A09AA4AA-5AC6-45D1-87EF-922DC3E9C4AE}"
EndProject
Global
	GlobalSection(SolutionConfigurationPlatforms) = preSolution
		Debug|Any CPU = Debug|Any CPU
		Release|Any CPU = Release|Any CPU
	EndGlobalSection
	GlobalSection(ProjectConfigurationPlatforms) = postSolution
		{A09AA4AA-5AC6-45D1-87EF-922DC3E9C4AE}.Debug|Any CPU.ActiveCfg = Debug|Any CPU
		{A09AA4AA-5AC6-45D1-87EF-922DC3E9C4AE}.Debug|Any CPU.Build.0 = Debug|Any CPU
		{A09AA4AA-5AC6-45D1-87EF-922DC3E9C4AE}.Release|Any CPU.ActiveCfg = Release|Any CPU
		{A09AA4AA-5AC6-45D1-87EF-922DC3E9C4AE}.Release|Any CPU.Build.0 = Release|Any CPU
	EndGlobalSection
	GlobalSection(SolutionProperties) = preSolution
		HideSolutionNode = FALSE
	EndGlobalSection
	GlobalSection(ExtensibilityGlobals) = postSolution
		SolutionGuid = {0EFA4A34-4668-49DA-A1BC-63E2FF44FE41}
	EndGlobalSection
EndGlobal
