
Microsoft Visual Studio Solution File, Format Version 12.00
# Visual Studio Version 17
VisualStudioVersion = 17.1.32228.430
MinimumVisualStudioVersion = 10.0.40219.1
Project("{FAE04EC0-301F-11D3-BF4B-00C04F79EFBC}") = "20222844문보경_과제1", "20222844문보경_과제1\20222844문보경_과제1.csproj", "{1C910C0B-6960-4104-9B83-B862F7486E8A}"
EndProject
Global
	GlobalSection(SolutionConfigurationPlatforms) = preSolution
		Debug|Any CPU = Debug|Any CPU
		Release|Any CPU = Release|Any CPU
	EndGlobalSection
	GlobalSection(ProjectConfigurationPlatforms) = postSolution
		{1C910C0B-6960-4104-9B83-B862F7486E8A}.Debug|Any CPU.ActiveCfg = Debug|Any CPU
		{1C910C0B-6960-4104-9B83-B862F7486E8A}.Debug|Any CPU.Build.0 = Debug|Any CPU
		{1C910C0B-6960-4104-9B83-B862F7486E8A}.Release|Any CPU.ActiveCfg = Release|Any CPU
		{1C910C0B-6960-4104-9B83-B862F7486E8A}.Release|Any CPU.Build.0 = Release|Any CPU
	EndGlobalSection
	GlobalSection(SolutionProperties) = preSolution
		HideSolutionNode = FALSE
	EndGlobalSection
	GlobalSection(ExtensibilityGlobals) = postSolution
		SolutionGuid = {0F66E63B-9DD5-4496-A700-AAB70AEC5ECC}
	EndGlobalSection
EndGlobal
